
Microsoft Visual Studio Solution File, Format Version 12.00
# Visual Studio Version 17
VisualStudioVersion = 17.7.33711.374
MinimumVisualStudioVersion = 10.0.40219.1
Project("{9A19103F-16F7-4668-BE54-9A1E7A4F7556}") = "Ombudsman.Api", "Ombudsman\Ombudsman.Api.csproj", "{92E39EDC-7496-4B8C-9B67-B87D7A3181EF}"
EndProject
Project("{9A19103F-16F7-4668-BE54-9A1E7A4F7556}") = "Ombudsman.BizLogicLayer", "Ombudsman.BizLogicLayer\Ombudsman.BizLogicLayer.csproj", "{D4B9A418-E21D-46C0-BA7C-575726955760}"
EndProject
Project("{9A19103F-16F7-4668-BE54-9A1E7A4F7556}") = "Ombudsman.Core", "Ombudsman.Core\Ombudsman.Core.csproj", "{FF926429-E498-4DD7-929A-A9B766B6BEC2}"
EndProject
Project("{9A19103F-16F7-4668-BE54-9A1E7A4F7556}") = "Ombudsman.DataLayer", "Ombudsman.DataLayer\Ombudsman.DataLayer.csproj", "{72762D95-1FCA-4703-9780-329E28630056}"
EndProject
Global
	GlobalSection(SolutionConfigurationPlatforms) = preSolution
		Debug|Any CPU = Debug|Any CPU
		Release|Any CPU = Release|Any CPU
	EndGlobalSection
	GlobalSection(ProjectConfigurationPlatforms) = postSolution
		{92E39EDC-7496-4B8C-9B67-B87D7A3181EF}.Debug|Any CPU.ActiveCfg = Debug|Any CPU
		{92E39EDC-7496-4B8C-9B67-B87D7A3181EF}.Debug|Any CPU.Build.0 = Debug|Any CPU
		{92E39EDC-7496-4B8C-9B67-B87D7A3181EF}.Release|Any CPU.ActiveCfg = Release|Any CPU
		{92E39EDC-7496-4B8C-9B67-B87D7A3181EF}.Release|Any CPU.Build.0 = Release|Any CPU
		{D4B9A418-E21D-46C0-BA7C-575726955760}.Debug|Any CPU.ActiveCfg = Debug|Any CPU
		{D4B9A418-E21D-46C0-BA7C-575726955760}.Debug|Any CPU.Build.0 = Debug|Any CPU
		{D4B9A418-E21D-46C0-BA7C-575726955760}.Release|Any CPU.ActiveCfg = Release|Any CPU
		{D4B9A418-E21D-46C0-BA7C-575726955760}.Release|Any CPU.Build.0 = Release|Any CPU
		{FF926429-E498-4DD7-929A-A9B766B6BEC2}.Debug|Any CPU.ActiveCfg = Debug|Any CPU
		{FF926429-E498-4DD7-929A-A9B766B6BEC2}.Debug|Any CPU.Build.0 = Debug|Any CPU
		{FF926429-E498-4DD7-929A-A9B766B6BEC2}.Release|Any CPU.ActiveCfg = Release|Any CPU
		{FF926429-E498-4DD7-929A-A9B766B6BEC2}.Release|Any CPU.Build.0 = Release|Any CPU
		{72762D95-1FCA-4703-9780-329E28630056}.Debug|Any CPU.ActiveCfg = Debug|Any CPU
		{72762D95-1FCA-4703-9780-329E28630056}.Debug|Any CPU.Build.0 = Debug|Any CPU
		{72762D95-1FCA-4703-9780-329E28630056}.Release|Any CPU.ActiveCfg = Release|Any CPU
		{72762D95-1FCA-4703-9780-329E28630056}.Release|Any CPU.Build.0 = Release|Any CPU
	EndGlobalSection
	GlobalSection(SolutionProperties) = preSolution
		HideSolutionNode = FALSE
	EndGlobalSection
	GlobalSection(ExtensibilityGlobals) = postSolution
		SolutionGuid = {8C6B59F7-E10B-4FED-B0BF-DA25A0B6B990}
	EndGlobalSection
EndGlobal
